
Microsoft Visual Studio Solution File, Format Version 12.00
# Visual Studio 15
VisualStudioVersion = 15.0.27703.2035
MinimumVisualStudioVersion = 10.0.40219.1
Project("{FAE04EC0-301F-11D3-BF4B-00C04F79EFBC}") = "TinyMVVM", "TinyMVVM.csproj", "{CD0A8C83-1256-4B9D-915E-5FC06567B082}"
EndProject
Global
	GlobalSection(SolutionConfigurationPlatforms) = preSolution
		Debug|Any CPU = Debug|Any CPU
		Release|Any CPU = Release|Any CPU
	EndGlobalSection
	GlobalSection(ProjectConfigurationPlatforms) = postSolution
		{CD0A8C83-1256-4B9D-915E-5FC06567B082}.Debug|Any CPU.ActiveCfg = Debug|Any CPU
		{CD0A8C83-1256-4B9D-915E-5FC06567B082}.Debug|Any CPU.Build.0 = Debug|Any CPU
		{CD0A8C83-1256-4B9D-915E-5FC06567B082}.Release|Any CPU.ActiveCfg = Release|Any CPU
		{CD0A8C83-1256-4B9D-915E-5FC06567B082}.Release|Any CPU.Build.0 = Release|Any CPU
	EndGlobalSection
	GlobalSection(SolutionProperties) = preSolution
		HideSolutionNode = FALSE
	EndGlobalSection
	GlobalSection(ExtensibilityGlobals) = postSolution
		SolutionGuid = {2B9895FE-FE08-43CD-A36E-66561FCBD8AF}
	EndGlobalSection
EndGlobal
